github.com/hugo-fixit/FixIt v0.2.18 h1:P0xFAI/r5k4Tiuhn4AzHPyVS7EBDQ9Hm8XYH/WUJ7xg=
github.com/hugo-fixit/FixIt v0.2.18/go.mod h1:3XIRedrqakO7/a4ZnhE46haMRF8HgsT0N0B5j5D2iRU=
github.com/razonyang/hugo-theme-bootstrap v1.2.0 h1:SImEuiR8gvtgxfqTm75jAJM8TBMWQnuthK+WwxwOwSQ=
github.com/razonyang/hugo-theme-bootstrap v1.2.0/go.mod h1:o+IIPL/5wreiTojnN4MsQqKuxbv3fWAQnMhG9geltQo=
